
Microsoft Visual Studio Solution File, Format Version 12.00
# Visual Studio 15
VisualStudioVersion = 15.0.28010.2036
MinimumVisualStudioVersion = 10.0.40219.1
Project("{FAE04EC0-301F-11D3-BF4B-00C04F79EFBC}") = "XamarinMapsApp.Android", "XamarinMapsApp\XamarinMapsApp.Android\XamarinMapsApp.Android.csproj", "{F1DB3389-7519-437B-BAC9-0D4A271A625F}"
EndProject
Project("{FAE04EC0-301F-11D3-BF4B-00C04F79EFBC}") = "XamarinMapsApp.iOS", "XamarinMapsApp\XamarinMapsApp.iOS\XamarinMapsApp.iOS.csproj", "{3B5E0BBD-07A2-4F01-8169-3A6655BBF305}"
EndProject
Project("{FAE04EC0-301F-11D3-BF4B-00C04F79EFBC}") = "XamarinMapsApp.UWP", "XamarinMapsApp\XamarinMapsApp.UWP\XamarinMapsApp.UWP.csproj", "{D67E36B7-C2BC-46AB-83E0-A5211C292A49}"
EndProject
Project("{FAE04EC0-301F-11D3-BF4B-00C04F79EFBC}") = "XamarinMapsApp", "XamarinMapsApp\XamarinMapsApp\XamarinMapsApp.csproj", "{81522D21-73CB-48DB-8F06-54071C5CB7DD}"
EndProject
Global
	GlobalSection(SolutionConfigurationPlatforms) = preSolution
		Ad-Hoc|Any CPU = Ad-Hoc|Any CPU
		Ad-Hoc|ARM = Ad-Hoc|ARM
		Ad-Hoc|iPhone = Ad-Hoc|iPhone
		Ad-Hoc|iPhoneSimulator = Ad-Hoc|iPhoneSimulator
		Ad-Hoc|x64 = Ad-Hoc|x64
		Ad-Hoc|x86 = Ad-Hoc|x86
		AppStore|Any CPU = AppStore|Any CPU
		AppStore|ARM = AppStore|ARM
		AppStore|iPhone = AppStore|iPhone
		AppStore|iPhoneSimulator = AppStore|iPhoneSimulator
		AppStore|x64 = AppStore|x64
		AppStore|x86 = AppStore|x86
		Debug|Any CPU = Debug|Any CPU
		Debug|ARM = Debug|ARM
		Debug|iPhone = Debug|iPhone
		Debug|iPhoneSimulator = Debug|iPhoneSimulator
		Debug|x64 = Debug|x64
		Debug|x86 = Debug|x86
		Release|Any CPU = Release|Any CPU
		Release|ARM = Release|ARM
		Release|iPhone = Release|iPhone
		Release|iPhoneSimulator = Release|iPhoneSimulator
		Release|x64 = Release|x64
		Release|x86 = Release|x86
	EndGlobalSection
	GlobalSection(ProjectConfigurationPlatforms) = postSolution
		{F1DB3389-7519-437B-BAC9-0D4A271A625F}.Ad-Hoc|Any CPU.ActiveCfg = Release|Any CPU
		{F1DB3389-7519-437B-BAC9-0D4A271A625F}.Ad-Hoc|Any CPU.Build.0 = Release|Any CPU
		{F1DB3389-7519-437B-BAC9-0D4A271A625F}.Ad-Hoc|Any CPU.Deploy.0 = Release|Any CPU
		{F1DB3389-7519-437B-BAC9-0D4A271A625F}.Ad-Hoc|ARM.ActiveCfg = Release|Any CPU
		{F1DB3389-7519-437B-BAC9-0D4A271A625F}.Ad-Hoc|ARM.Build.0 = Release|Any CPU
		{F1DB3389-7519-437B-BAC9-0D4A271A625F}.Ad-Hoc|ARM.Deploy.0 = Release|Any CPU
		{F1DB3389-7519-437B-BAC9-0D4A271A625F}.Ad-Hoc|iPhone.ActiveCfg = Release|Any CPU
		{F1DB3389-7519-437B-BAC9-0D4A271A625F}.Ad-Hoc|iPhone.Build.0 = Release|Any CPU
		{F1DB3389-7519-437B-BAC9-0D4A271A625F}.Ad-Hoc|iPhone.Deploy.0 = Release|Any CPU
		{F1DB3389-7519-437B-BAC9-0D4A271A625F}.Ad-Hoc|iPhoneSimulator.ActiveCfg = Release|Any CPU
		{F1DB3389-7519-437B-BAC9-0D4A271A625F}.Ad-Hoc|iPhoneSimulator.Build.0 = Release|Any CPU
		{F1DB3389-7519-437B-BAC9-0D4A271A625F}.Ad-Hoc|iPhoneSimulator.Deploy.0 = Release|Any CPU
		{F1DB3389-7519-437B-BAC9-0D4A271A625F}.Ad-Hoc|x64.ActiveCfg = Release|Any CPU
		{F1DB3389-7519-437B-BAC9-0D4A271A625F}.Ad-Hoc|x64.Build.0 = Release|Any CPU
		{F1DB3389-7519-437B-BAC9-0D4A271A625F}.Ad-Hoc|x64.Deploy.0 = Release|Any CPU
		{F1DB3389-7519-437B-BAC9-0D4A271A625F}.Ad-Hoc|x86.ActiveCfg = Release|Any CPU
		{F1DB3389-7519-437B-BAC9-0D4A271A625F}.Ad-Hoc|x86.Build.0 = Release|Any CPU
		{F1DB3389-7519-437B-BAC9-0D4A271A625F}.Ad-Hoc|x86.Deploy.0 = Release|Any CPU
		{F1DB3389-7519-437B-BAC9-0D4A271A625F}.AppStore|Any CPU.ActiveCfg = Release|Any CPU
		{F1DB3389-7519-437B-BAC9-0D4A271A625F}.AppStore|Any CPU.Build.0 = Release|Any CPU
		{F1DB3389-7519-437B-BAC9-0D4A271A625F}.AppStore|Any CPU.Deploy.0 = Release|Any CPU
		{F1DB3389-7519-437B-BAC9-0D4A271A625F}.AppStore|ARM.ActiveCfg = Release|Any CPU
		{F1DB3389-7519-437B-BAC9-0D4A271A625F}.AppStore|ARM.Build.0 = Release|Any CPU
		{F1DB3389-7519-437B-BAC9-0D4A271A625F}.AppStore|ARM.Deploy.0 = Release|Any CPU
		{F1DB3389-7519-437B-BAC9-0D4A271A625F}.AppStore|iPhone.ActiveCfg = Release|Any CPU
		{F1DB3389-7519-437B-BAC9-0D4A271A625F}.AppStore|iPhone.Build.0 = Release|Any CPU
		{F1DB3389-7519-437B-BAC9-0D4A271A625F}.AppStore|iPhone.Deploy.0 = Release|Any CPU
		{F1DB3389-7519-437B-BAC9-0D4A271A625F}.AppStore|iPhoneSimulator.ActiveCfg = Release|Any CPU
		{F1DB3389-7519-437B-BAC9-0D4A271A625F}.AppStore|iPhoneSimulator.Build.0 = Release|Any CPU
		{F1DB3389-7519-437B-BAC9-0D4A271A625F}.AppStore|iPhoneSimulator.Deploy.0 = Release|Any CPU
		{F1DB3389-7519-437B-BAC9-0D4A271A625F}.AppStore|x64.ActiveCfg = Release|Any CPU
		{F1DB3389-7519-437B-BAC9-0D4A271A625F}.AppStore|x64.Build.0 = Release|Any CPU
		{F1DB3389-7519-437B-BAC9-0D4A271A625F}.AppStore|x64.Deploy.0 = Release|Any CPU
		{F1DB3389-7519-437B-BAC9-0D4A271A625F}.AppStore|x86.ActiveCfg = Release|Any CPU
		{F1DB3389-7519-437B-BAC9-0D4A271A625F}.AppStore|x86.Build.0 = Release|Any CPU
		{F1DB3389-7519-437B-BAC9-0D4A271A625F}.AppStore|x86.Deploy.0 = Release|Any CPU
		{F1DB3389-7519-437B-BAC9-0D4A271A625F}.Debug|Any CPU.ActiveCfg = Debug|Any CPU
		{F1DB3389-7519-437B-BAC9-0D4A271A625F}.Debug|Any CPU.Build.0 = Debug|Any CPU
		{F1DB3389-7519-437B-BAC9-0D4A271A625F}.Debug|Any CPU.Deploy.0 = Debug|Any CPU
		{F1DB3389-7519-437B-BAC9-0D4A271A625F}.Debug|ARM.ActiveCfg = Debug|Any CPU
		{F1DB3389-7519-437B-BAC9-0D4A271A625F}.Debug|ARM.Build.0 = Debug|Any CPU
		{F1DB3389-7519-437B-BAC9-0D4A271A625F}.Debug|ARM.Deploy.0 = Debug|Any CPU
		{F1DB3389-7519-437B-BAC9-0D4A271A625F}.Debug|iPhone.ActiveCfg = Debug|Any CPU
		{F1DB3389-7519-437B-BAC9-0D4A271A625F}.Debug|iPhone.Build.0 = Debug|Any CPU
		{F1DB3389-7519-437B-BAC9-0D4A271A625F}.Debug|iPhone.Deploy.0 = Debug|Any CPU
		{F1DB3389-7519-437B-BAC9-0D4A271A625F}.Debug|iPhoneSimulator.ActiveCfg = Debug|Any CPU
		{F1DB3389-7519-437B-BAC9-0D4A271A625F}.Debug|iPhoneSimulator.Build.0 = Debug|Any CPU
		{F1DB3389-7519-437B-BAC9-0D4A271A625F}.Debug|iPhoneSimulator.Deploy.0 = Debug|Any CPU
		{F1DB3389-7519-437B-BAC9-0D4A271A625F}.Debug|x64.ActiveCfg = Debug|Any CPU
		{F1DB3389-7519-437B-BAC9-0D4A271A625F}.Debug|x64.Build.0 = Debug|Any CPU
		{F1DB3389-7519-437B-BAC9-0D4A271A625F}.Debug|x64.Deploy.0 = Debug|Any CPU
		{F1DB3389-7519-437B-BAC9-0D4A271A625F}.Debug|x86.ActiveCfg = Debug|Any CPU
		{F1DB3389-7519-437B-BAC9-0D4A271A625F}.Debug|x86.Build.0 = Debug|Any CPU
		{F1DB3389-7519-437B-BAC9-0D4A271A625F}.Debug|x86.Deploy.0 = Debug|Any CPU
		{F1DB3389-7519-437B-BAC9-0D4A271A625F}.Release|Any CPU.ActiveCfg = Release|Any CPU
		{F1DB3389-7519-437B-BAC9-0D4A271A625F}.Release|Any CPU.Build.0 = Release|Any CPU
		{F1DB3389-7519-437B-BAC9-0D4A271A625F}.Release|Any CPU.Deploy.0 = Release|Any CPU
		{F1DB3389-7519-437B-BAC9-0D4A271A625F}.Release|ARM.ActiveCfg = Release|Any CPU
		{F1DB3389-7519-437B-BAC9-0D4A271A625F}.Release|ARM.Build.0 = Release|Any CPU
		{F1DB3389-7519-437B-BAC9-0D4A271A625F}.Release|ARM.Deploy.0 = Release|Any CPU
		{F1DB3389-7519-437B-BAC9-0D4A271A625F}.Release|iPhone.ActiveCfg = Release|Any CPU
		{F1DB3389-7519-437B-BAC9-0D4A271A625F}.Release|iPhone.Build.0 = Release|Any CPU
		{F1DB3389-7519-437B-BAC9-0D4A271A625F}.Release|iPhone.Deploy.0 = Release|Any CPU
		{F1DB3389-7519-437B-BAC9-0D4A271A625F}.Release|iPhoneSimulator.ActiveCfg = Release|Any CPU
		{F1DB3389-7519-437B-BAC9-0D4A271A625F}.Release|iPhoneSimulator.Build.0 = Release|Any CPU
		{F1DB3389-7519-437B-BAC9-0D4A271A625F}.Release|iPhoneSimulator.Deploy.0 = Release|Any CPU
		{F1DB3389-7519-437B-BAC9-0D4A271A625F}.Release|x64.ActiveCfg = Release|Any CPU
		{F1DB3389-7519-437B-BAC9-0D4A271A625F}.Release|x64.Build.0 = Release|Any CPU
		{F1DB3389-7519-437B-BAC9-0D4A271A625F}.Release|x64.Deploy.0 = Release|Any CPU
		{F1DB3389-7519-437B-BAC9-0D4A271A625F}.Release|x86.ActiveCfg = Release|Any CPU
		{F1DB3389-7519-437B-BAC9-0D4A271A625F}.Release|x86.Build.0 = Release|Any CPU
		{F1DB3389-7519-437B-BAC9-0D4A271A625F}.Release|x86.Deploy.0 = Release|Any CPU
		{3B5E0BBD-07A2-4F01-8169-3A6655BBF305}.Ad-Hoc|Any CPU.ActiveCfg = Ad-Hoc|iPhone
		{3B5E0BBD-07A2-4F01-8169-3A6655BBF305}.Ad-Hoc|Any CPU.Build.0 = Ad-Hoc|iPhone
		{3B5E0BBD-07A2-4F01-8169-3A6655BBF305}.Ad-Hoc|Any CPU.Deploy.0 = Ad-Hoc|iPhone
		{3B5E0BBD-07A2-4F01-8169-3A6655BBF305}.Ad-Hoc|ARM.ActiveCfg = Ad-Hoc|iPhone
		{3B5E0BBD-07A2-4F01-8169-3A6655BBF305}.Ad-Hoc|ARM.Build.0 = Ad-Hoc|iPhone
		{3B5E0BBD-07A2-4F01-8169-3A6655BBF305}.Ad-Hoc|ARM.Deploy.0 = Ad-Hoc|iPhone
		{3B5E0BBD-07A2-4F01-8169-3A6655BBF305}.Ad-Hoc|iPhone.ActiveCfg = Ad-Hoc|iPhone
		{3B5E0BBD-07A2-4F01-8169-3A6655BBF305}.Ad-Hoc|iPhone.Build.0 = Ad-Hoc|iPhone
		{3B5E0BBD-07A2-4F01-8169-3A6655BBF305}.Ad-Hoc|iPhone.Deploy.0 = Ad-Hoc|iPhone
		{3B5E0BBD-07A2-4F01-8169-3A6655BBF305}.Ad-Hoc|iPhoneSimulator.ActiveCfg = Ad-Hoc|iPhoneSimulator
		{3B5E0BBD-07A2-4F01-8169-3A6655BBF305}.Ad-Hoc|iPhoneSimulator.Build.0 = Ad-Hoc|iPhoneSimulator
		{3B5E0BBD-07A2-4F01-8169-3A6655BBF305}.Ad-Hoc|iPhoneSimulator.Deploy.0 = Ad-Hoc|iPhoneSimulator
		{3B5E0BBD-07A2-4F01-8169-3A6655BBF305}.Ad-Hoc|x64.ActiveCfg = Ad-Hoc|iPhone
		{3B5E0BBD-07A2-4F01-8169-3A6655BBF305}.Ad-Hoc|x64.Build.0 = Ad-Hoc|iPhone
		{3B5E0BBD-07A2-4F01-8169-3A6655BBF305}.Ad-Hoc|x64.Deploy.0 = Ad-Hoc|iPhone
		{3B5E0BBD-07A2-4F01-8169-3A6655BBF305}.Ad-Hoc|x86.ActiveCfg = Ad-Hoc|iPhone
		{3B5E0BBD-07A2-4F01-8169-3A6655BBF305}.Ad-Hoc|x86.Build.0 = Ad-Hoc|iPhone
		{3B5E0BBD-07A2-4F01-8169-3A6655BBF305}.Ad-Hoc|x86.Deploy.0 = Ad-Hoc|iPhone
		{3B5E0BBD-07A2-4F01-8169-3A6655BBF305}.AppStore|Any CPU.ActiveCfg = AppStore|iPhone
		{3B5E0BBD-07A2-4F01-8169-3A6655BBF305}.AppStore|Any CPU.Build.0 = AppStore|iPhone
		{3B5E0BBD-07A2-4F01-8169-3A6655BBF305}.AppStore|Any CPU.Deploy.0 = AppStore|iPhone
		{3B5E0BBD-07A2-4F01-8169-3A6655BBF305}.AppStore|ARM.ActiveCfg = AppStore|iPhone
		{3B5E0BBD-07A2-4F01-8169-3A6655BBF305}.AppStore|ARM.Build.0 = AppStore|iPhone
		{3B5E0BBD-07A2-4F01-8169-3A6655BBF305}.AppStore|ARM.Deploy.0 = AppStore|iPhone
		{3B5E0BBD-07A2-4F01-8169-3A6655BBF305}.AppStore|iPhone.ActiveCfg = AppStore|iPhone
		{3B5E0BBD-07A2-4F01-8169-3A6655BBF305}.AppStore|iPhone.Build.0 = AppStore|iPhone
		{3B5E0BBD-07A2-4F01-8169-3A6655BBF305}.AppStore|iPhone.Deploy.0 = AppStore|iPhone
		{3B5E0BBD-07A2-4F01-8169-3A6655BBF305}.AppStore|iPhoneSimulator.ActiveCfg = AppStore|iPhoneSimulator
		{3B5E0BBD-07A2-4F01-8169-3A6655BBF305}.AppStore|iPhoneSimulator.Build.0 = AppStore|iPhoneSimulator
		{3B5E0BBD-07A2-4F01-8169-3A6655BBF305}.AppStore|iPhoneSimulator.Deploy.0 = AppStore|iPhoneSimulator
		{3B5E0BBD-07A2-4F01-8169-3A6655BBF305}.AppStore|x64.ActiveCfg = AppStore|iPhone
		{3B5E0BBD-07A2-4F01-8169-3A6655BBF305}.AppStore|x64.Build.0 = AppStore|iPhone
		{3B5E0BBD-07A2-4F01-8169-3A6655BBF305}.AppStore|x64.Deploy.0 = AppStore|iPhone
		{3B5E0BBD-07A2-4F01-8169-3A6655BBF305}.AppStore|x86.ActiveCfg = AppStore|iPhone
		{3B5E0BBD-07A2-4F01-8169-3A6655BBF305}.AppStore|x86.Build.0 = AppStore|iPhone
		{3B5E0BBD-07A2-4F01-8169-3A6655BBF305}.AppStore|x86.Deploy.0 = AppStore|iPhone
		{3B5E0BBD-07A2-4F01-8169-3A6655BBF305}.Debug|Any CPU.ActiveCfg = Debug|iPhoneSimulator
		{3B5E0BBD-07A2-4F01-8169-3A6655BBF305}.Debug|Any CPU.Build.0 = Debug|iPhoneSimulator
		{3B5E0BBD-07A2-4F01-8169-3A6655BBF305}.Debug|Any CPU.Deploy.0 = Debug|iPhoneSimulator
		{3B5E0BBD-07A2-4F01-8169-3A6655BBF305}.Debug|ARM.ActiveCfg = Debug|iPhone
		{3B5E0BBD-07A2-4F01-8169-3A6655BBF305}.Debug|ARM.Build.0 = Debug|iPhone
		{3B5E0BBD-07A2-4F01-8169-3A6655BBF305}.Debug|ARM.Deploy.0 = Debug|iPhone
		{3B5E0BBD-07A2-4F01-8169-3A6655BBF305}.Debug|iPhone.ActiveCfg = Debug|iPhone
		{3B5E0BBD-07A2-4F01-8169-3A6655BBF305}.Debug|iPhone.Build.0 = Debug|iPhone
		{3B5E0BBD-07A2-4F01-8169-3A6655BBF305}.Debug|iPhone.Deploy.0 = Debug|iPhone
		{3B5E0BBD-07A2-4F01-8169-3A6655BBF305}.Debug|iPhoneSimulator.ActiveCfg = Debug|iPhoneSimulator
		{3B5E0BBD-07A2-4F01-8169-3A6655BBF305}.Debug|iPhoneSimulator.Build.0 = Debug|iPhoneSimulator
		{3B5E0BBD-07A2-4F01-8169-3A6655BBF305}.Debug|iPhoneSimulator.Deploy.0 = Debug|iPhoneSimulator
		{3B5E0BBD-07A2-4F01-8169-3A6655BBF305}.Debug|x64.ActiveCfg = Debug|iPhone
		{3B5E0BBD-07A2-4F01-8169-3A6655BBF305}.Debug|x64.Build.0 = Debug|iPhone
		{3B5E0BBD-07A2-4F01-8169-3A6655BBF305}.Debug|x64.Deploy.0 = Debug|iPhone
		{3B5E0BBD-07A2-4F01-8169-3A6655BBF305}.Debug|x86.ActiveCfg = Debug|iPhone
		{3B5E0BBD-07A2-4F01-8169-3A6655BBF305}.Debug|x86.Build.0 = Debug|iPhone
		{3B5E0BBD-07A2-4F01-8169-3A6655BBF305}.Debug|x86.Deploy.0 = Debug|iPhone
		{3B5E0BBD-07A2-4F01-8169-3A6655BBF305}.Release|Any CPU.ActiveCfg = Release|iPhone
		{3B5E0BBD-07A2-4F01-8169-3A6655BBF305}.Release|Any CPU.Build.0 = Release|iPhone
		{3B5E0BBD-07A2-4F01-8169-3A6655BBF305}.Release|Any CPU.Deploy.0 = Release|iPhone
		{3B5E0BBD-07A2-4F01-8169-3A6655BBF305}.Release|ARM.ActiveCfg = Release|iPhone
		{3B5E0BBD-07A2-4F01-8169-3A6655BBF305}.Release|ARM.Build.0 = Release|iPhone
		{3B5E0BBD-07A2-4F01-8169-3A6655BBF305}.Release|ARM.Deploy.0 = Release|iPhone
		{3B5E0BBD-07A2-4F01-8169-3A6655BBF305}.Release|iPhone.ActiveCfg = Release|iPhone
		{3B5E0BBD-07A2-4F01-8169-3A6655BBF305}.Release|iPhone.Build.0 = Release|iPhone
		{3B5E0BBD-07A2-4F01-8169-3A6655BBF305}.Release|iPhone.Deploy.0 = Release|iPhone
		{3B5E0BBD-07A2-4F01-8169-3A6655BBF305}.Release|iPhoneSimulator.ActiveCfg = Release|iPhoneSimulator
		{3B5E0BBD-07A2-4F01-8169-3A6655BBF305}.Release|iPhoneSimulator.Build.0 = Release|iPhoneSimulator
		{3B5E0BBD-07A2-4F01-8169-3A6655BBF305}.Release|iPhoneSimulator.Deploy.0 = Release|iPhoneSimulator
		{3B5E0BBD-07A2-4F01-8169-3A6655BBF305}.Release|x64.ActiveCfg = Release|iPhone
		{3B5E0BBD-07A2-4F01-8169-3A6655BBF305}.Release|x64.Build.0 = Release|iPhone
		{3B5E0BBD-07A2-4F01-8169-3A6655BBF305}.Release|x64.Deploy.0 = Release|iPhone
		{3B5E0BBD-07A2-4F01-8169-3A6655BBF305}.Release|x86.ActiveCfg = Release|iPhone
		{3B5E0BBD-07A2-4F01-8169-3A6655BBF305}.Release|x86.Build.0 = Release|iPhone
		{3B5E0BBD-07A2-4F01-8169-3A6655BBF305}.Release|x86.Deploy.0 = Release|iPhone
		{D67E36B7-C2BC-46AB-83E0-A5211C292A49}.Ad-Hoc|Any CPU.ActiveCfg = Release|x86
		{D67E36B7-C2BC-46AB-83E0-A5211C292A49}.Ad-Hoc|Any CPU.Build.0 = Release|x86
		{D67E36B7-C2BC-46AB-83E0-A5211C292A49}.Ad-Hoc|Any CPU.Deploy.0 = Release|x86
		{D67E36B7-C2BC-46AB-83E0-A5211C292A49}.Ad-Hoc|ARM.ActiveCfg = Release|ARM
		{D67E36B7-C2BC-46AB-83E0-A5211C292A49}.Ad-Hoc|ARM.Build.0 = Release|ARM
		{D67E36B7-C2BC-46AB-83E0-A5211C292A49}.Ad-Hoc|ARM.Deploy.0 = Release|ARM
		{D67E36B7-C2BC-46AB-83E0-A5211C292A49}.Ad-Hoc|iPhone.ActiveCfg = Release|x86
		{D67E36B7-C2BC-46AB-83E0-A5211C292A49}.Ad-Hoc|iPhone.Build.0 = Release|x86
		{D67E36B7-C2BC-46AB-83E0-A5211C292A49}.Ad-Hoc|iPhone.Deploy.0 = Release|x86
		{D67E36B7-C2BC-46AB-83E0-A5211C292A49}.Ad-Hoc|iPhoneSimulator.ActiveCfg = Release|x86
		{D67E36B7-C2BC-46AB-83E0-A5211C292A49}.Ad-Hoc|iPhoneSimulator.Build.0 = Release|x86
		{D67E36B7-C2BC-46AB-83E0-A5211C292A49}.Ad-Hoc|iPhoneSimulator.Deploy.0 = Release|x86
		{D67E36B7-C2BC-46AB-83E0-A5211C292A49}.Ad-Hoc|x64.ActiveCfg = Release|x64
		{D67E36B7-C2BC-46AB-83E0-A5211C292A49}.Ad-Hoc|x64.Build.0 = Release|x64
		{D67E36B7-C2BC-46AB-83E0-A5211C292A49}.Ad-Hoc|x64.Deploy.0 = Release|x64
		{D67E36B7-C2BC-46AB-83E0-A5211C292A49}.Ad-Hoc|x86.ActiveCfg = Release|x86
		{D67E36B7-C2BC-46AB-83E0-A5211C292A49}.Ad-Hoc|x86.Build.0 = Release|x86
		{D67E36B7-C2BC-46AB-83E0-A5211C292A49}.Ad-Hoc|x86.Deploy.0 = Release|x86
		{D67E36B7-C2BC-46AB-83E0-A5211C292A49}.AppStore|Any CPU.ActiveCfg = Release|x86
		{D67E36B7-C2BC-46AB-83E0-A5211C292A49}.AppStore|Any CPU.Build.0 = Release|x86
		{D67E36B7-C2BC-46AB-83E0-A5211C292A49}.AppStore|Any CPU.Deploy.0 = Release|x86
		{D67E36B7-C2BC-46AB-83E0-A5211C292A49}.AppStore|ARM.ActiveCfg = Release|ARM
		{D67E36B7-C2BC-46AB-83E0-A5211C292A49}.AppStore|ARM.Build.0 = Release|ARM
		{D67E36B7-C2BC-46AB-83E0-A5211C292A49}.AppStore|ARM.Deploy.0 = Release|ARM
		{D67E36B7-C2BC-46AB-83E0-A5211C292A49}.AppStore|iPhone.ActiveCfg = Release|x86
		{D67E36B7-C2BC-46AB-83E0-A5211C292A49}.AppStore|iPhone.Build.0 = Release|x86
		{D67E36B7-C2BC-46AB-83E0-A5211C292A49}.AppStore|iPhone.Deploy.0 = Release|x86
		{D67E36B7-C2BC-46AB-83E0-A5211C292A49}.AppStore|iPhoneSimulator.ActiveCfg = Release|x86
		{D67E36B7-C2BC-46AB-83E0-A5211C292A49}.AppStore|iPhoneSimulator.Build.0 = Release|x86
		{D67E36B7-C2BC-46AB-83E0-A5211C292A49}.AppStore|iPhoneSimulator.Deploy.0 = Release|x86
		{D67E36B7-C2BC-46AB-83E0-A5211C292A49}.AppStore|x64.ActiveCfg = Release|x64
		{D67E36B7-C2BC-46AB-83E0-A5211C292A49}.AppStore|x64.Build.0 = Release|x64
		{D67E36B7-C2BC-46AB-83E0-A5211C292A49}.AppStore|x64.Deploy.0 = Release|x64
		{D67E36B7-C2BC-46AB-83E0-A5211C292A49}.AppStore|x86.ActiveCfg = Release|x86
		{D67E36B7-C2BC-46AB-83E0-A5211C292A49}.AppStore|x86.Build.0 = Release|x86
		{D67E36B7-C2BC-46AB-83E0-A5211C292A49}.AppStore|x86.Deploy.0 = Release|x86
		{D67E36B7-C2BC-46AB-83E0-A5211C292A49}.Debug|Any CPU.ActiveCfg = Debug|x86
		{D67E36B7-C2BC-46AB-83E0-A5211C292A49}.Debug|Any CPU.Build.0 = Debug|x86
		{D67E36B7-C2BC-46AB-83E0-A5211C292A49}.Debug|Any CPU.Deploy.0 = Debug|x86
		{D67E36B7-C2BC-46AB-83E0-A5211C292A49}.Debug|ARM.ActiveCfg = Debug|ARM
		{D67E36B7-C2BC-46AB-83E0-A5211C292A49}.Debug|ARM.Build.0 = Debug|ARM
		{D67E36B7-C2BC-46AB-83E0-A5211C292A49}.Debug|ARM.Deploy.0 = Debug|ARM
		{D67E36B7-C2BC-46AB-83E0-A5211C292A49}.Debug|iPhone.ActiveCfg = Debug|x86
		{D67E36B7-C2BC-46AB-83E0-A5211C292A49}.Debug|iPhone.Build.0 = Debug|x86
		{D67E36B7-C2BC-46AB-83E0-A5211C292A49}.Debug|iPhone.Deploy.0 = Debug|x86
		{D67E36B7-C2BC-46AB-83E0-A5211C292A49}.Debug|iPhoneSimulator.ActiveCfg = Debug|x86
		{D67E36B7-C2BC-46AB-83E0-A5211C292A49}.Debug|iPhoneSimulator.Build.0 = Debug|x86
		{D67E36B7-C2BC-46AB-83E0-A5211C292A49}.Debug|iPhoneSimulator.Deploy.0 = Debug|x86
		{D67E36B7-C2BC-46AB-83E0-A5211C292A49}.Debug|x64.ActiveCfg = Debug|x64
		{D67E36B7-C2BC-46AB-83E0-A5211C292A49}.Debug|x64.Build.0 = Debug|x64
		{D67E36B7-C2BC-46AB-83E0-A5211C292A49}.Debug|x64.Deploy.0 = Debug|x64
		{D67E36B7-C2BC-46AB-83E0-A5211C292A49}.Debug|x86.ActiveCfg = Debug|x86
		{D67E36B7-C2BC-46AB-83E0-A5211C292A49}.Debug|x86.Build.0 = Debug|x86
		{D67E36B7-C2BC-46AB-83E0-A5211C292A49}.Debug|x86.Deploy.0 = Debug|x86
		{D67E36B7-C2BC-46AB-83E0-A5211C292A49}.Release|Any CPU.ActiveCfg = Release|x86
		{D67E36B7-C2BC-46AB-83E0-A5211C292A49}.Release|Any CPU.Build.0 = Release|x86
		{D67E36B7-C2BC-46AB-83E0-A5211C292A49}.Release|Any CPU.Deploy.0 = Release|x86
		{D67E36B7-C2BC-46AB-83E0-A5211C292A49}.Release|ARM.ActiveCfg = Release|ARM
		{D67E36B7-C2BC-46AB-83E0-A5211C292A49}.Release|ARM.Build.0 = Release|ARM
		{D67E36B7-C2BC-46AB-83E0-A5211C292A49}.Release|ARM.Deploy.0 = Release|ARM
		{D67E36B7-C2BC-46AB-83E0-A5211C292A49}.Release|iPhone.ActiveCfg = Release|x86
		{D67E36B7-C2BC-46AB-83E0-A5211C292A49}.Release|iPhone.Build.0 = Release|x86
		{D67E36B7-C2BC-46AB-83E0-A5211C292A49}.Release|iPhone.Deploy.0 = Release|x86
		{D67E36B7-C2BC-46AB-83E0-A5211C292A49}.Release|iPhoneSimulator.ActiveCfg = Release|x86
		{D67E36B7-C2BC-46AB-83E0-A5211C292A49}.Release|iPhoneSimulator.Build.0 = Release|x86
		{D67E36B7-C2BC-46AB-83E0-A5211C292A49}.Release|iPhoneSimulator.Deploy.0 = Release|x86
		{D67E36B7-C2BC-46AB-83E0-A5211C292A49}.Release|x64.ActiveCfg = Release|x64
		{D67E36B7-C2BC-46AB-83E0-A5211C292A49}.Release|x64.Build.0 = Release|x64
		{D67E36B7-C2BC-46AB-83E0-A5211C292A49}.Release|x64.Deploy.0 = Release|x64
		{D67E36B7-C2BC-46AB-83E0-A5211C292A49}.Release|x86.ActiveCfg = Release|x86
		{D67E36B7-C2BC-46AB-83E0-A5211C292A49}.Release|x86.Build.0 = Release|x86
		{D67E36B7-C2BC-46AB-83E0-A5211C292A49}.Release|x86.Deploy.0 = Release|x86
		{81522D21-73CB-48DB-8F06-54071C5CB7DD}.Ad-Hoc|Any CPU.ActiveCfg = Debug|Any CPU
		{81522D21-73CB-48DB-8F06-54071C5CB7DD}.Ad-Hoc|Any CPU.Build.0 = Debug|Any CPU
		{81522D21-73CB-48DB-8F06-54071C5CB7DD}.Ad-Hoc|Any CPU.Deploy.0 = Debug|Any CPU
		{81522D21-73CB-48DB-8F06-54071C5CB7DD}.Ad-Hoc|ARM.ActiveCfg = Debug|Any CPU
		{81522D21-73CB-48DB-8F06-54071C5CB7DD}.Ad-Hoc|ARM.Build.0 = Debug|Any CPU
		{81522D21-73CB-48DB-8F06-54071C5CB7DD}.Ad-Hoc|ARM.Deploy.0 = Debug|Any CPU
		{81522D21-73CB-48DB-8F06-54071C5CB7DD}.Ad-Hoc|iPhone.ActiveCfg = Debug|Any CPU
		{81522D21-73CB-48DB-8F06-54071C5CB7DD}.Ad-Hoc|iPhone.Build.0 = Debug|Any CPU
		{81522D21-73CB-48DB-8F06-54071C5CB7DD}.Ad-Hoc|iPhone.Deploy.0 = Debug|Any CPU
		{81522D21-73CB-48DB-8F06-54071C5CB7DD}.Ad-Hoc|iPhoneSimulator.ActiveCfg = Debug|Any CPU
		{81522D21-73CB-48DB-8F06-54071C5CB7DD}.Ad-Hoc|iPhoneSimulator.Build.0 = Debug|Any CPU
		{81522D21-73CB-48DB-8F06-54071C5CB7DD}.Ad-Hoc|iPhoneSimulator.Deploy.0 = Debug|Any CPU
		{81522D21-73CB-48DB-8F06-54071C5CB7DD}.Ad-Hoc|x64.ActiveCfg = Debug|Any CPU
		{81522D21-73CB-48DB-8F06-54071C5CB7DD}.Ad-Hoc|x64.Build.0 = Debug|Any CPU
		{81522D21-73CB-48DB-8F06-54071C5CB7DD}.Ad-Hoc|x64.Deploy.0 = Debug|Any CPU
		{81522D21-73CB-48DB-8F06-54071C5CB7DD}.Ad-Hoc|x86.ActiveCfg = Debug|Any CPU
		{81522D21-73CB-48DB-8F06-54071C5CB7DD}.Ad-Hoc|x86.Build.0 = Debug|Any CPU
		{81522D21-73CB-48DB-8F06-54071C5CB7DD}.Ad-Hoc|x86.Deploy.0 = Debug|Any CPU
		{81522D21-73CB-48DB-8F06-54071C5CB7DD}.AppStore|Any CPU.ActiveCfg = Debug|Any CPU
		{81522D21-73CB-48DB-8F06-54071C5CB7DD}.AppStore|Any CPU.Build.0 = Debug|Any CPU
		{81522D21-73CB-48DB-8F06-54071C5CB7DD}.AppStore|Any CPU.Deploy.0 = Debug|Any CPU
		{81522D21-73CB-48DB-8F06-54071C5CB7DD}.AppStore|ARM.ActiveCfg = Debug|Any CPU
		{81522D21-73CB-48DB-8F06-54071C5CB7DD}.AppStore|ARM.Build.0 = Debug|Any CPU
		{81522D21-73CB-48DB-8F06-54071C5CB7DD}.AppStore|ARM.Deploy.0 = Debug|Any CPU
		{81522D21-73CB-48DB-8F06-54071C5CB7DD}.AppStore|iPhone.ActiveCfg = Debug|Any CPU
		{81522D21-73CB-48DB-8F06-54071C5CB7DD}.AppStore|iPhone.Build.0 = Debug|Any CPU
		{81522D21-73CB-48DB-8F06-54071C5CB7DD}.AppStore|iPhone.Deploy.0 = Debug|Any CPU
		{81522D21-73CB-48DB-8F06-54071C5CB7DD}.AppStore|iPhoneSimulator.ActiveCfg = Debug|Any CPU
		{81522D21-73CB-48DB-8F06-54071C5CB7DD}.AppStore|iPhoneSimulator.Build.0 = Debug|Any CPU
		{81522D21-73CB-48DB-8F06-54071C5CB7DD}.AppStore|iPhoneSimulator.Deploy.0 = Debug|Any CPU
		{81522D21-73CB-48DB-8F06-54071C5CB7DD}.AppStore|x64.ActiveCfg = Debug|Any CPU
		{81522D21-73CB-48DB-8F06-54071C5CB7DD}.AppStore|x64.Build.0 = Debug|Any CPU
		{81522D21-73CB-48DB-8F06-54071C5CB7DD}.AppStore|x64.Deploy.0 = Debug|Any CPU
		{81522D21-73CB-48DB-8F06-54071C5CB7DD}.AppStore|x86.ActiveCfg = Debug|Any CPU
		{81522D21-73CB-48DB-8F06-54071C5CB7DD}.AppStore|x86.Build.0 = Debug|Any CPU
		{81522D21-73CB-48DB-8F06-54071C5CB7DD}.AppStore|x86.Deploy.0 = Debug|Any CPU
		{81522D21-73CB-48DB-8F06-54071C5CB7DD}.Debug|Any CPU.ActiveCfg = Debug|Any CPU
		{81522D21-73CB-48DB-8F06-54071C5CB7DD}.Debug|Any CPU.Build.0 = Debug|Any CPU
		{81522D21-73CB-48DB-8F06-54071C5CB7DD}.Debug|Any CPU.Deploy.0 = Debug|Any CPU
		{81522D21-73CB-48DB-8F06-54071C5CB7DD}.Debug|ARM.ActiveCfg = Debug|Any CPU
		{81522D21-73CB-48DB-8F06-54071C5CB7DD}.Debug|ARM.Build.0 = Debug|Any CPU
		{81522D21-73CB-48DB-8F06-54071C5CB7DD}.Debug|ARM.Deploy.0 = Debug|Any CPU
		{81522D21-73CB-48DB-8F06-54071C5CB7DD}.Debug|iPhone.ActiveCfg = Debug|Any CPU
		{81522D21-73CB-48DB-8F06-54071C5CB7DD}.Debug|iPhone.Build.0 = Debug|Any CPU
		{81522D21-73CB-48DB-8F06-54071C5CB7DD}.Debug|iPhone.Deploy.0 = Debug|Any CPU
		{81522D21-73CB-48DB-8F06-54071C5CB7DD}.Debug|iPhoneSimulator.ActiveCfg = Debug|Any CPU
		{81522D21-73CB-48DB-8F06-54071C5CB7DD}.Debug|iPhoneSimulator.Build.0 = Debug|Any CPU
		{81522D21-73CB-48DB-8F06-54071C5CB7DD}.Debug|iPhoneSimulator.Deploy.0 = Debug|Any CPU
		{81522D21-73CB-48DB-8F06-54071C5CB7DD}.Debug|x64.ActiveCfg = Debug|Any CPU
		{81522D21-73CB-48DB-8F06-54071C5CB7DD}.Debug|x64.Build.0 = Debug|Any CPU
		{81522D21-73CB-48DB-8F06-54071C5CB7DD}.Debug|x64.Deploy.0 = Debug|Any CPU
		{81522D21-73CB-48DB-8F06-54071C5CB7DD}.Debug|x86.ActiveCfg = Debug|Any CPU
		{81522D21-73CB-48DB-8F06-54071C5CB7DD}.Debug|x86.Build.0 = Debug|Any CPU
		{81522D21-73CB-48DB-8F06-54071C5CB7DD}.Debug|x86.Deploy.0 = Debug|Any CPU
		{81522D21-73CB-48DB-8F06-54071C5CB7DD}.Release|Any CPU.ActiveCfg = Release|Any CPU
		{81522D21-73CB-48DB-8F06-54071C5CB7DD}.Release|Any CPU.Build.0 = Release|Any CPU
		{81522D21-73CB-48DB-8F06-54071C5CB7DD}.Release|Any CPU.Deploy.0 = Release|Any CPU
		{81522D21-73CB-48DB-8F06-54071C5CB7DD}.Release|ARM.ActiveCfg = Release|Any CPU
		{81522D21-73CB-48DB-8F06-54071C5CB7DD}.Release|ARM.Build.0 = Release|Any CPU
		{81522D21-73CB-48DB-8F06-54071C5CB7DD}.Release|ARM.Deploy.0 = Release|Any CPU
		{81522D21-73CB-48DB-8F06-54071C5CB7DD}.Release|iPhone.ActiveCfg = Release|Any CPU
		{81522D21-73CB-48DB-8F06-54071C5CB7DD}.Release|iPhone.Build.0 = Release|Any CPU
		{81522D21-73CB-48DB-8F06-54071C5CB7DD}.Release|iPhone.Deploy.0 = Release|Any CPU
		{81522D21-73CB-48DB-8F06-54071C5CB7DD}.Release|iPhoneSimulator.ActiveCfg = Release|Any CPU
		{81522D21-73CB-48DB-8F06-54071C5CB7DD}.Release|iPhoneSimulator.Build.0 = Release|Any CPU
		{81522D21-73CB-48DB-8F06-54071C5CB7DD}.Release|iPhoneSimulator.Deploy.0 = Release|Any CPU
		{81522D21-73CB-48DB-8F06-54071C5CB7DD}.Release|x64.ActiveCfg = Release|Any CPU
		{81522D21-73CB-48DB-8F06-54071C5CB7DD}.Release|x64.Build.0 = Release|Any CPU
		{81522D21-73CB-48DB-8F06-54071C5CB7DD}.Release|x64.Deploy.0 = Release|Any CPU
		{81522D21-73CB-48DB-8F06-54071C5CB7DD}.Release|x86.ActiveCfg = Release|Any CPU
		{81522D21-73CB-48DB-8F06-54071C5CB7DD}.Release|x86.Build.0 = Release|Any CPU
		{81522D21-73CB-48DB-8F06-54071C5CB7DD}.Release|x86.Deploy.0 = Release|Any CPU
	EndGlobalSection
	GlobalSection(SolutionProperties) = preSolution
		HideSolutionNode = FALSE
	EndGlobalSection
	GlobalSection(ExtensibilityGlobals) = postSolution
		SolutionGuid = {A5FE3E18-3296-43CE-9A82-4ADA7F17AD94}
	EndGlobalSection
EndGlobal
